Microsoft Visual Studio Solution File, Format Version 12.00
# Visual Studio Version 17
VisualStudioVersion = 17.2.32519.379
MinimumVisualStudioVersion = 10.0.40219.1
Project("{9A19103F-16F7-4668-BE54-9A1E7A4F7556}") = "SukkiriKun", "SukkiriKun\SukkiriKun.csproj", "{0A8B9178-8130-492F-8650-85272CB27264}"
EndProject
Project("{C7167F0D-BC9F-4E6E-AFE1-012C56B48DB5}") = "SukkiriKun.Package", "SukkiriKun.Package\SukkiriKun.Package.wapproj", "{F0BDB803-3C9E-47DF-8B35-18F6F23BAFF7}"
EndProject
Global
	GlobalSection(SolutionConfigurationPlatforms) = preSolution
		Debug|Any CPU = Debug|Any CPU
		Debug|ARM = Debug|ARM
		Debug|ARM64 = Debug|ARM64
		Debug|x64 = Debug|x64
		Debug|x86 = Debug|x86
		Release|Any CPU = Release|Any CPU
		Release|ARM = Release|ARM
		Release|ARM64 = Release|ARM64
		Release|x64 = Release|x64
		Release|x86 = Release|x86
	EndGlobalSection
	GlobalSection(ProjectConfigurationPlatforms) = postSolution
		{0A8B9178-8130-492F-8650-85272CB27264}.Debug|Any CPU.ActiveCfg = Debug|Any CPU
		{0A8B9178-8130-492F-8650-85272CB27264}.Debug|Any CPU.Build.0 = Debug|Any CPU
		{0A8B9178-8130-492F-8650-85272CB27264}.Debug|ARM.ActiveCfg = Debug|Any CPU
		{0A8B9178-8130-492F-8650-85272CB27264}.Debug|ARM.Build.0 = Debug|Any CPU
		{0A8B9178-8130-492F-8650-85272CB27264}.Debug|ARM64.ActiveCfg = Debug|Any CPU
		{0A8B9178-8130-492F-8650-85272CB27264}.Debug|ARM64.Build.0 = Debug|Any CPU
		{0A8B9178-8130-492F-8650-85272CB27264}.Debug|x64.ActiveCfg = Debug|Any CPU
		{0A8B9178-8130-492F-8650-85272CB27264}.Debug|x64.Build.0 = Debug|Any CPU
		{0A8B9178-8130-492F-8650-85272CB27264}.Debug|x86.ActiveCfg = Debug|Any CPU
		{0A8B9178-8130-492F-8650-85272CB27264}.Debug|x86.Build.0 = Debug|Any CPU
		{0A8B9178-8130-492F-8650-85272CB27264}.Release|Any CPU.ActiveCfg = Release|Any CPU
		{0A8B9178-8130-492F-8650-85272CB27264}.Release|Any CPU.Build.0 = Release|Any CPU
		{0A8B9178-8130-492F-8650-85272CB27264}.Release|ARM.ActiveCfg = Release|Any CPU
		{0A8B9178-8130-492F-8650-85272CB27264}.Release|ARM.Build.0 = Release|Any CPU
		{0A8B9178-8130-492F-8650-85272CB27264}.Release|ARM64.ActiveCfg = Release|Any CPU
		{0A8B9178-8130-492F-8650-85272CB27264}.Release|ARM64.Build.0 = Release|Any CPU
		{0A8B9178-8130-492F-8650-85272CB27264}.Release|x64.ActiveCfg = Release|Any CPU
		{0A8B9178-8130-492F-8650-85272CB27264}.Release|x64.Build.0 = Release|Any CPU
		{0A8B9178-8130-492F-8650-85272CB27264}.Release|x86.ActiveCfg = Release|Any CPU
		{0A8B9178-8130-492F-8650-85272CB27264}.Release|x86.Build.0 = Release|Any CPU
		{F0BDB803-3C9E-47DF-8B35-18F6F23BAFF7}.Debug|Any CPU.ActiveCfg = Debug|Any CPU
		{F0BDB803-3C9E-47DF-8B35-18F6F23BAFF7}.Debug|Any CPU.Build.0 = Debug|Any CPU
		{F0BDB803-3C9E-47DF-8B35-18F6F23BAFF7}.Debug|Any CPU.Deploy.0 = Debug|Any CPU
		{F0BDB803-3C9E-47DF-8B35-18F6F23BAFF7}.Debug|ARM.ActiveCfg = Debug|ARM
		{F0BDB803-3C9E-47DF-8B35-18F6F23BAFF7}.Debug|ARM.Build.0 = Debug|ARM
		{F0BDB803-3C9E-47DF-8B35-18F6F23BAFF7}.Debug|ARM.Deploy.0 = Debug|ARM
		{F0BDB803-3C9E-47DF-8B35-18F6F23BAFF7}.Debug|ARM64.ActiveCfg = Debug|ARM64
		{F0BDB803-3C9E-47DF-8B35-18F6F23BAFF7}.Debug|ARM64.Build.0 = Debug|ARM64
		{F0BDB803-3C9E-47DF-8B35-18F6F23BAFF7}.Debug|ARM64.Deploy.0 = Debug|ARM64
		{F0BDB803-3C9E-47DF-8B35-18F6F23BAFF7}.Debug|x64.ActiveCfg = Debug|x64
		{F0BDB803-3C9E-47DF-8B35-18F6F23BAFF7}.Debug|x64.Build.0 = Debug|x64
		{F0BDB803-3C9E-47DF-8B35-18F6F23BAFF7}.Debug|x64.Deploy.0 = Debug|x64
		{F0BDB803-3C9E-47DF-8B35-18F6F23BAFF7}.Debug|x86.ActiveCfg = Debug|x86
		{F0BDB803-3C9E-47DF-8B35-18F6F23BAFF7}.Debug|x86.Build.0 = Debug|x86
		{F0BDB803-3C9E-47DF-8B35-18F6F23BAFF7}.Debug|x86.Deploy.0 = Debug|x86
		{F0BDB803-3C9E-47DF-8B35-18F6F23BAFF7}.Release|Any CPU.ActiveCfg = Release|Any CPU
		{F0BDB803-3C9E-47DF-8B35-18F6F23BAFF7}.Release|Any CPU.Build.0 = Release|Any CPU
		{F0BDB803-3C9E-47DF-8B35-18F6F23BAFF7}.Release|Any CPU.Deploy.0 = Release|Any CPU
		{F0BDB803-3C9E-47DF-8B35-18F6F23BAFF7}.Release|ARM.ActiveCfg = Release|ARM
		{F0BDB803-3C9E-47DF-8B35-18F6F23BAFF7}.Release|ARM.Build.0 = Release|ARM
		{F0BDB803-3C9E-47DF-8B35-18F6F23BAFF7}.Release|ARM.Deploy.0 = Release|ARM
		{F0BDB803-3C9E-47DF-8B35-18F6F23BAFF7}.Release|ARM64.ActiveCfg = Release|ARM64
		{F0BDB803-3C9E-47DF-8B35-18F6F23BAFF7}.Release|ARM64.Build.0 = Release|ARM64
		{F0BDB803-3C9E-47DF-8B35-18F6F23BAFF7}.Release|ARM64.Deploy.0 = Release|ARM64
		{F0BDB803-3C9E-47DF-8B35-18F6F23BAFF7}.Release|x64.ActiveCfg = Release|x64
		{F0BDB803-3C9E-47DF-8B35-18F6F23BAFF7}.Release|x64.Build.0 = Release|x64
		{F0BDB803-3C9E-47DF-8B35-18F6F23BAFF7}.Release|x64.Deploy.0 = Release|x64
		{F0BDB803-3C9E-47DF-8B35-18F6F23BAFF7}.Release|x86.ActiveCfg = Release|x86
		{F0BDB803-3C9E-47DF-8B35-18F6F23BAFF7}.Release|x86.Build.0 = Release|x86
		{F0BDB803-3C9E-47DF-8B35-18F6F23BAFF7}.Release|x86.Deploy.0 = Release|x86
	EndGlobalSection
	GlobalSection(SolutionProperties) = preSolution
		HideSolutionNode = FALSE
	EndGlobalSection
	GlobalSection(ExtensibilityGlobals) = postSolution
		SolutionGuid = {A90AFE89-C9AA-4288-94E1-3B0822AC9603}
	EndGlobalSection
EndGlobal
